
Microsoft Visual Studio Solution File, Format Version 12.00
# Visual Studio Version 17
VisualStudioVersion = 17.1.32319.34
MinimumVisualStudioVersion = 10.0.40219.1
Project("{FAE04EC0-301F-11D3-BF4B-00C04F79EFBC}") = "SPS.UI", "SPS\SPS.UI.csproj", "{03543DE9-8FF8-490C-9995-9A543C282FDE}"
EndProject
Project("{FAE04EC0-301F-11D3-BF4B-00C04F79EFBC}") = "SPS.BLL", "SPS.BLL\SPS.BLL.csproj", "{2BB3DB3A-EB30-43C7-9F0A-3470A5FA9489}"
EndProject
Project("{FAE04EC0-301F-11D3-BF4B-00C04F79EFBC}") = "SPS.Common", "SPS.Common\SPS.Common.csproj", "{E52EA52D-8203-42AD-BB54-E17849FF82F9}"
EndProject
Project("{FAE04EC0-301F-11D3-BF4B-00C04F79EFBC}") = "SPS.DAL", "SPS.DAL\SPS.DAL.csproj", "{084BA1E6-C040-4777-B5AA-095C232E1F4E}"
EndProject
Global
	GlobalSection(SolutionConfigurationPlatforms) = preSolution
		Debug|Any CPU = Debug|Any CPU
		Release|Any CPU = Release|Any CPU
	EndGlobalSection
	GlobalSection(ProjectConfigurationPlatforms) = postSolution
		{03543DE9-8FF8-490C-9995-9A543C282FDE}.Debug|Any CPU.ActiveCfg = Debug|Any CPU
		{03543DE9-8FF8-490C-9995-9A543C282FDE}.Debug|Any CPU.Build.0 = Debug|Any CPU
		{03543DE9-8FF8-490C-9995-9A543C282FDE}.Release|Any CPU.ActiveCfg = Release|Any CPU
		{03543DE9-8FF8-490C-9995-9A543C282FDE}.Release|Any CPU.Build.0 = Release|Any CPU
		{2BB3DB3A-EB30-43C7-9F0A-3470A5FA9489}.Debug|Any CPU.ActiveCfg = Debug|Any CPU
		{2BB3DB3A-EB30-43C7-9F0A-3470A5FA9489}.Debug|Any CPU.Build.0 = Debug|Any CPU
		{2BB3DB3A-EB30-43C7-9F0A-3470A5FA9489}.Release|Any CPU.ActiveCfg = Release|Any CPU
		{2BB3DB3A-EB30-43C7-9F0A-3470A5FA9489}.Release|Any CPU.Build.0 = Release|Any CPU
		{E52EA52D-8203-42AD-BB54-E17849FF82F9}.Debug|Any CPU.ActiveCfg = Debug|Any CPU
		{E52EA52D-8203-42AD-BB54-E17849FF82F9}.Debug|Any CPU.Build.0 = Debug|Any CPU
		{E52EA52D-8203-42AD-BB54-E17849FF82F9}.Release|Any CPU.ActiveCfg = Release|Any CPU
		{E52EA52D-8203-42AD-BB54-E17849FF82F9}.Release|Any CPU.Build.0 = Release|Any CPU
		{084BA1E6-C040-4777-B5AA-095C232E1F4E}.Debug|Any CPU.ActiveCfg = Debug|Any CPU
		{084BA1E6-C040-4777-B5AA-095C232E1F4E}.Debug|Any CPU.Build.0 = Debug|Any CPU
		{084BA1E6-C040-4777-B5AA-095C232E1F4E}.Release|Any CPU.ActiveCfg = Release|Any CPU
		{084BA1E6-C040-4777-B5AA-095C232E1F4E}.Release|Any CPU.Build.0 = Release|Any CPU
	EndGlobalSection
	GlobalSection(SolutionProperties) = preSolution
		HideSolutionNode = FALSE
	EndGlobalSection
	GlobalSection(ExtensibilityGlobals) = postSolution
		SolutionGuid = {44474C25-EE20-438C-84ED-AD5B767DCB6D}
	EndGlobalSection
EndGlobal
